
Microsoft Visual Studio Solution File, Format Version 12.00
Project("{FAE04EC0-301F-11D3-BF4B-00C04F79EFBC}") = "UdpMulticastTest", "UdpMulticastTest\UdpMulticastTest.csproj", "{C90346A9-F54C-4D52-B995-F65160FDD389}"
EndProject
Global
	GlobalSection(SolutionConfigurationPlatforms) = preSolution
		Debug|Any CPU = Debug|Any CPU
		Release|Any CPU = Release|Any CPU
	EndGlobalSection
	GlobalSection(ProjectConfigurationPlatforms) = postSolution
		{C90346A9-F54C-4D52-B995-F65160FDD389}.Debug|Any CPU.ActiveCfg = Debug|Any CPU
		{C90346A9-F54C-4D52-B995-F65160FDD389}.Debug|Any CPU.Build.0 = Debug|Any CPU
		{C90346A9-F54C-4D52-B995-F65160FDD389}.Release|Any CPU.ActiveCfg = Release|Any CPU
		{C90346A9-F54C-4D52-B995-F65160FDD389}.Release|Any CPU.Build.0 = Release|Any CPU
	EndGlobalSection
EndGlobal
